
Microsoft Visual Studio Solution File, Format Version 12.00
# Visual Studio Version 17
VisualStudioVersion = 17.2.32630.192
MinimumVisualStudioVersion = 10.0.40219.1
Project("{FAE04EC0-301F-11D3-BF4B-00C04F79EFBC}") = "webapp", "webapp\webapp.csproj", "{54F7792A-2FF4-4AA6-9FFA-E4B7CE68F8DE}"
EndProject
Global
	GlobalSection(SolutionConfigurationPlatforms) = preSolution
		Debug|Any CPU = Debug|Any CPU
		Release|Any CPU = Release|Any CPU
	EndGlobalSection
	GlobalSection(ProjectConfigurationPlatforms) = postSolution
		{54F7792A-2FF4-4AA6-9FFA-E4B7CE68F8DE}.Debug|Any CPU.ActiveCfg = Debug|Any CPU
		{54F7792A-2FF4-4AA6-9FFA-E4B7CE68F8DE}.Debug|Any CPU.Build.0 = Debug|Any CPU
		{54F7792A-2FF4-4AA6-9FFA-E4B7CE68F8DE}.Release|Any CPU.ActiveCfg = Release|Any CPU
		{54F7792A-2FF4-4AA6-9FFA-E4B7CE68F8DE}.Release|Any CPU.Build.0 = Release|Any CPU
	EndGlobalSection
	GlobalSection(SolutionProperties) = preSolution
		HideSolutionNode = FALSE
	EndGlobalSection
	GlobalSection(ExtensibilityGlobals) = postSolution
		SolutionGuid = {95B937D6-8412-4CF5-88D1-5B791EE3793D}
	EndGlobalSection
EndGlobal
